
Microsoft Visual Studio Solution File, Format Version 12.00
# Visual Studio 15
VisualStudioVersion = 15.0.26730.16
MinimumVisualStudioVersion = 10.0.40219.1
Project("{FAE04EC0-301F-11D3-BF4B-00C04F79EFBC}") = "DataCollectorRestApi", "DataCollectorRestApi\DataCollectorRestApi.csproj", "{B05E720C-224C-48BF-A52D-6A9BB6EAA50B}"
EndProject
Global
	GlobalSection(SolutionConfigurationPlatforms) = preSolution
		Debug|Any CPU = Debug|Any CPU
		Release|Any CPU = Release|Any CPU
	EndGlobalSection
	GlobalSection(ProjectConfigurationPlatforms) = postSolution
		{B05E720C-224C-48BF-A52D-6A9BB6EAA50B}.Debug|Any CPU.ActiveCfg = Debug|Any CPU
		{B05E720C-224C-48BF-A52D-6A9BB6EAA50B}.Debug|Any CPU.Build.0 = Debug|Any CPU
		{B05E720C-224C-48BF-A52D-6A9BB6EAA50B}.Release|Any CPU.ActiveCfg = Release|Any CPU
		{B05E720C-224C-48BF-A52D-6A9BB6EAA50B}.Release|Any CPU.Build.0 = Release|Any CPU
	EndGlobalSection
	GlobalSection(SolutionProperties) = preSolution
		HideSolutionNode = FALSE
	EndGlobalSection
	GlobalSection(ExtensibilityGlobals) = postSolution
		SolutionGuid = {1B9200EE-980F-414F-84EE-1DD64C1F7400}
	EndGlobalSection
EndGlobal
